
Microsoft Visual Studio Solution File, Format Version 12.00
# Visual Studio 15
VisualStudioVersion = 15.0.26124.0
MinimumVisualStudioVersion = 15.0.26124.0
Project("{FAE04EC0-301F-11D3-BF4B-00C04F79EFBC}") = "MediaPlatformClient.MVC", "MediaPlatformClient.MVC\MediaPlatformClient.MVC.csproj", "{D66840D4-3941-43D0-A7BD-6D8A6C03345A}"
EndProject
Global
	GlobalSection(SolutionConfigurationPlatforms) = preSolution
		Debug|Any CPU = Debug|Any CPU
		Debug|x64 = Debug|x64
		Debug|x86 = Debug|x86
		Release|Any CPU = Release|Any CPU
		Release|x64 = Release|x64
		Release|x86 = Release|x86
	EndGlobalSection
	GlobalSection(SolutionProperties) = preSolution
		HideSolutionNode = FALSE
	EndGlobalSection
	GlobalSection(ProjectConfigurationPlatforms) = postSolution
		{D66840D4-3941-43D0-A7BD-6D8A6C03345A}.Debug|Any CPU.ActiveCfg = Debug|Any CPU
		{D66840D4-3941-43D0-A7BD-6D8A6C03345A}.Debug|Any CPU.Build.0 = Debug|Any CPU
		{D66840D4-3941-43D0-A7BD-6D8A6C03345A}.Debug|x64.ActiveCfg = Debug|Any CPU
		{D66840D4-3941-43D0-A7BD-6D8A6C03345A}.Debug|x64.Build.0 = Debug|Any CPU
		{D66840D4-3941-43D0-A7BD-6D8A6C03345A}.Debug|x86.ActiveCfg = Debug|Any CPU
		{D66840D4-3941-43D0-A7BD-6D8A6C03345A}.Debug|x86.Build.0 = Debug|Any CPU
		{D66840D4-3941-43D0-A7BD-6D8A6C03345A}.Release|Any CPU.ActiveCfg = Release|Any CPU
		{D66840D4-3941-43D0-A7BD-6D8A6C03345A}.Release|Any CPU.Build.0 = Release|Any CPU
		{D66840D4-3941-43D0-A7BD-6D8A6C03345A}.Release|x64.ActiveCfg = Release|Any CPU
		{D66840D4-3941-43D0-A7BD-6D8A6C03345A}.Release|x64.Build.0 = Release|Any CPU
		{D66840D4-3941-43D0-A7BD-6D8A6C03345A}.Release|x86.ActiveCfg = Release|Any CPU
		{D66840D4-3941-43D0-A7BD-6D8A6C03345A}.Release|x86.Build.0 = Release|Any CPU
	EndGlobalSection
EndGlobal
